// !$*UTF8*$!
{
	archiveVersion = 1;
	classes = {
	};
	objectVersion = 55;
	objects = {

/* Begin PBXBuildFile section */
		2800031327D2A5EE009C135B /* FlexibleSheet.swift in Sources */ = {isa = PBXBuildFile; fileRef = 2800031227D2A5EE009C135B /* FlexibleSheet.swift */; };
		2800034D27D712EF009C135B /* ItemsView.swift in Sources */ = {isa = PBXBuildFile; fileRef = 2800034C27D712EF009C135B /* ItemsView.swift */; };
		283422AD27DE8775008B17A6 /* GoogleService-Info.plist in Resources */ = {isa = PBXBuildFile; fileRef = 283422AC27DE8775008B17A6 /* GoogleService-Info.plist */; };
		283422AE27DE8775008B17A6 /* GoogleService-Info.plist in Resources */ = {isa = PBXBuildFile; fileRef = 283422AC27DE8775008B17A6 /* GoogleService-Info.plist */; };
		283422AF27DE8775008B17A6 /* GoogleService-Info.plist in Resources */ = {isa = PBXBuildFile; fileRef = 283422AC27DE8775008B17A6 /* GoogleService-Info.plist */; };
		288D115427DE8A82007E382C /* FirebaseAnalytics in Frameworks */ = {isa = PBXBuildFile; productRef = 288D115327DE8A82007E382C /* FirebaseAnalytics */; };
		288D115627DE8A82007E382C /* FirebaseDatabase in Frameworks */ = {isa = PBXBuildFile; productRef = 288D115527DE8A82007E382C /* FirebaseDatabase */; };
		288D115827DE8A82007E382C /* FirebaseDatabaseSwift-Beta in Frameworks */ = {isa = PBXBuildFile; productRef = 288D115727DE8A82007E382C /* FirebaseDatabaseSwift-Beta */; };
		288D115A27DE8A82007E382C /* FirebaseFirestore in Frameworks */ = {isa = PBXBuildFile; productRef = 288D115927DE8A82007E382C /* FirebaseFirestore */; };
		288D115C27DE8A82007E382C /* FirebaseFirestoreSwift-Beta in Frameworks */ = {isa = PBXBuildFile; productRef = 288D115B27DE8A82007E382C /* FirebaseFirestoreSwift-Beta */; };
		288D115E27DE8A82007E382C /* FirebaseStorage in Frameworks */ = {isa = PBXBuildFile; productRef = 288D115D27DE8A82007E382C /* FirebaseStorage */; };
		288D116027DE8A82007E382C /* FirebaseStorageSwift-Beta in Frameworks */ = {isa = PBXBuildFile; productRef = 288D115F27DE8A82007E382C /* FirebaseStorageSwift-Beta */; };
		288D116527DEC24E007E382C /* CardView.swift in Sources */ = {isa = PBXBuildFile; fileRef = 288D116427DEC24E007E382C /* CardView.swift */; };
		288D116727E13C82007E382C /* DefaultsKeys.swift in Sources */ = {isa = PBXBuildFile; fileRef = 288D116627E13C82007E382C /* DefaultsKeys.swift */; };
		288D116927E13D42007E382C /* Item.swift in Sources */ = {isa = PBXBuildFile; fileRef = 288D116827E13D42007E382C /* Item.swift */; };
		28D2F25827E7AE28008637B1 /* items.sqlite3 in Resources */ = {isa = PBXBuildFile; fileRef = 28D2F25727E7AE28008637B1 /* items.sqlite3 */; };
		28D2F25A27E7B17F008637B1 /* AppDelegate.swift in Sources */ = {isa = PBXBuildFile; fileRef = 28D2F25927E7B17F008637B1 /* AppDelegate.swift */; };
		28D2F25D27EA584E008637B1 /* SQLiteDatabase.swift in Sources */ = {isa = PBXBuildFile; fileRef = 28D2F25C27EA584E008637B1 /* SQLiteDatabase.swift */; };
		28D2F25F27EA5990008637B1 /* SQLiteCommands.swift in Sources */ = {isa = PBXBuildFile; fileRef = 28D2F25E27EA5990008637B1 /* SQLiteCommands.swift */; };
		28D2F26227EA652C008637B1 /* Place.swift in Sources */ = {isa = PBXBuildFile; fileRef = 28D2F26127EA652C008637B1 /* Place.swift */; };
		28E5E4A427C70DA3006BF6A1 /* ForgotAppApp.swift in Sources */ = {isa = PBXBuildFile; fileRef = 28E5E4A327C70DA3006BF6A1 /* ForgotAppApp.swift */; };
		28E5E4A627C70DA3006BF6A1 /* ContentView.swift in Sources */ = {isa = PBXBuildFile; fileRef = 28E5E4A527C70DA3006BF6A1 /* ContentView.swift */; };
		28E5E4A827C70DA4006BF6A1 /* Assets.xcassets in Resources */ = {isa = PBXBuildFile; fileRef = 28E5E4A727C70DA4006BF6A1 /* Assets.xcassets */; };
		28E5E4AB27C70DA4006BF6A1 /* Preview Assets.xcassets in Resources */ = {isa = PBXBuildFile; fileRef = 28E5E4AA27C70DA4006BF6A1 /* Preview Assets.xcassets */; };
		28E5E4B527C70DA4006BF6A1 /* ForgotAppTests.swift in Sources */ = {isa = PBXBuildFile; fileRef = 28E5E4B427C70DA4006BF6A1 /* ForgotAppTests.swift */; };
		28E5E4BF27C70DA4006BF6A1 /* ForgotAppUITests.swift in Sources */ = {isa = PBXBuildFile; fileRef = 28E5E4BE27C70DA4006BF6A1 /* ForgotAppUITests.swift */; };
		28E5E4C127C70DA4006BF6A1 /* ForgotAppUITestsLaunchTests.swift in Sources */ = {isa = PBXBuildFile; fileRef = 28E5E4C027C70DA4006BF6A1 /* ForgotAppUITestsLaunchTests.swift */; };
		28E5E4CF27C714D3006BF6A1 /* ComposableArchitecture in Frameworks */ = {isa = PBXBuildFile; productRef = 28E5E4CE27C714D3006BF6A1 /* ComposableArchitecture */; };
		28E5E4D227CAECDB006BF6A1 /* LocalSearchCompleter.swift in Sources */ = {isa = PBXBuildFile; fileRef = 28E5E4D127CAECDB006BF6A1 /* LocalSearchCompleter.swift */; };
		28E5E4D427CBE74C006BF6A1 /* LocalSearchClient.swift in Sources */ = {isa = PBXBuildFile; fileRef = 28E5E4D327CBE74C006BF6A1 /* LocalSearchClient.swift */; };
		4F60A25A585EF2A4A919AF83 /* Pods_ForgotAppTests.framework in Frameworks */ = {isa = PBXBuildFile; fileRef = 7CA5AC19CCCB6E14663CF377 /* Pods_ForgotAppTests.framework */; };
		5D06A7CB694BAF978C4261D7 /* Pods_ForgotApp.framework in Frameworks */ = {isa = PBXBuildFile; fileRef = B763ECE937FFBE89B95BD3A9 /* Pods_ForgotApp.framework */; };
		D3AFDFFB3832CC900595096E /* Pods_ForgotApp_ForgotAppUITests.framework in Frameworks */ = {isa = PBXBuildFile; fileRef = A1DD0EECDE36A5424A514F21 /* Pods_ForgotApp_ForgotAppUITests.framework */; };
/* End PBXBuildFile section */

/* Begin PBXContainerItemProxy section */
		28E5E4B127C70DA4006BF6A1 /* PBXContainerItemProxy */ = {
			isa = PBXContainerItemProxy;
			containerPortal = 28E5E49827C70DA3006BF6A1 /* Project object */;
			proxyType = 1;
			remoteGlobalIDString = 28E5E49F27C70DA3006BF6A1;
			remoteInfo = ForgotApp;
		};
		28E5E4BB27C70DA4006BF6A1 /* PBXContainerItemProxy */ = {
			isa = PBXContainerItemProxy;
			containerPortal = 28E5E49827C70DA3006BF6A1 /* Project object */;
			proxyType = 1;
			remoteGlobalIDString = 28E5E49F27C70DA3006BF6A1;
			remoteInfo = ForgotApp;
		};
/* End PBXContainerItemProxy section */

/* Begin PBXCopyFilesBuildPhase section */
		28AD05C927E789DC00880F5C /* Embed Frameworks */ = {
			isa = PBXCopyFilesBuildPhase;
			buildActionMask = 2147483647;
			dstPath = "";
			dstSubfolderSpec = 10;
			files = (
			);
			name = "Embed Frameworks";
			runOnlyForDeploymentPostprocessing = 0;
		};
/* End PBXCopyFilesBuildPhase section */

/* Begin PBXFileReference section */
		00B7A0F12DA96B05FEAA8877 /* Pods-ForgotAppTests.release.xcconfig */ = {isa = PBXFileReference; includeInIndex = 1; lastKnownFileType = text.xcconfig; name = "Pods-ForgotAppTests.release.xcconfig"; path = "Target Support Files/Pods-ForgotAppTests/Pods-ForgotAppTests.release.xcconfig"; sourceTree = "<group>"; };
		2800031227D2A5EE009C135B /* FlexibleSheet.swift */ = {isa = PBXFileReference; lastKnownFileType = sourcecode.swift; path = FlexibleSheet.swift; sourceTree = "<group>"; };
		2800034C27D712EF009C135B /* ItemsView.swift */ = {isa = PBXFileReference; lastKnownFileType = sourcecode.swift; path = ItemsView.swift; sourceTree = "<group>"; };
		283422AC27DE8775008B17A6 /* GoogleService-Info.plist */ = {isa = PBXFileReference; fileEncoding = 4; lastKnownFileType = text.plist.xml; name = "GoogleService-Info.plist"; path = "../../../../../Downloads/GoogleService-Info.plist"; sourceTree = "<group>"; };
		288D116427DEC24E007E382C /* CardView.swift */ = {isa = PBXFileReference; lastKnownFileType = sourcecode.swift; path = CardView.swift; sourceTree = "<group>"; };
		288D116627E13C82007E382C /* DefaultsKeys.swift */ = {isa = PBXFileReference; lastKnownFileType = sourcecode.swift; path = DefaultsKeys.swift; sourceTree = "<group>"; };
		288D116827E13D42007E382C /* Item.swift */ = {isa = PBXFileReference; lastKnownFileType = sourcecode.swift; path = Item.swift; sourceTree = "<group>"; };
		28AD05CA27E78A0700880F5C /* Info.plist */ = {isa = PBXFileReference; lastKnownFileType = text.plist; path = Info.plist; sourceTree = "<group>"; };
		28D2F25727E7AE28008637B1 /* items.sqlite3 */ = {isa = PBXFileReference; fileEncoding = 4; lastKnownFileType = text; path = items.sqlite3; sourceTree = "<group>"; };
		28D2F25927E7B17F008637B1 /* AppDelegate.swift */ = {isa = PBXFileReference; lastKnownFileType = sourcecode.swift; path = AppDelegate.swift; sourceTree = "<group>"; };
		28D2F25C27EA584E008637B1 /* SQLiteDatabase.swift */ = {isa = PBXFileReference; lastKnownFileType = sourcecode.swift; path = SQLiteDatabase.swift; sourceTree = "<group>"; };
		28D2F25E27EA5990008637B1 /* SQLiteCommands.swift */ = {isa = PBXFileReference; lastKnownFileType = sourcecode.swift; path = SQLiteCommands.swift; sourceTree = "<group>"; };
		28D2F26127EA652C008637B1 /* Place.swift */ = {isa = PBXFileReference; lastKnownFileType = sourcecode.swift; path = Place.swift; sourceTree = "<group>"; };
		28E5E4A027C70DA3006BF6A1 /* ForgotApp.app */ = {isa = PBXFileReference; explicitFileType = wrapper.application; includeInIndex = 0; path = ForgotApp.app; sourceTree = BUILT_PRODUCTS_DIR; };
		28E5E4A327C70DA3006BF6A1 /* ForgotAppApp.swift */ = {isa = PBXFileReference; lastKnownFileType = sourcecode.swift; path = ForgotAppApp.swift; sourceTree = "<group>"; };
		28E5E4A527C70DA3006BF6A1 /* ContentView.swift */ = {isa = PBXFileReference; lastKnownFileType = sourcecode.swift; path = ContentView.swift; sourceTree = "<group>"; };
		28E5E4A727C70DA4006BF6A1 /* Assets.xcassets */ = {isa = PBXFileReference; lastKnownFileType = folder.assetcatalog; path = Assets.xcassets; sourceTree = "<group>"; };
		28E5E4AA27C70DA4006BF6A1 /* Preview Assets.xcassets */ = {isa = PBXFileReference; lastKnownFileType = folder.assetcatalog; path = "Preview Assets.xcassets"; sourceTree = "<group>"; };
		28E5E4B027C70DA4006BF6A1 /* ForgotAppTests.xctest */ = {isa = PBXFileReference; explicitFileType = wrapper.cfbundle; includeInIndex = 0; path = ForgotAppTests.xctest; sourceTree = BUILT_PRODUCTS_DIR; };
		28E5E4B427C70DA4006BF6A1 /* ForgotAppTests.swift */ = {isa = PBXFileReference; lastKnownFileType = sourcecode.swift; path = ForgotAppTests.swift; sourceTree = "<group>"; };
		28E5E4BA27C70DA4006BF6A1 /* ForgotAppUITests.xctest */ = {isa = PBXFileReference; explicitFileType = wrapper.cfbundle; includeInIndex = 0; path = ForgotAppUITests.xctest; sourceTree = BUILT_PRODUCTS_DIR; };
		28E5E4BE27C70DA4006BF6A1 /* ForgotAppUITests.swift */ = {isa = PBXFileReference; lastKnownFileType = sourcecode.swift; path = ForgotAppUITests.swift; sourceTree = "<group>"; };
		28E5E4C027C70DA4006BF6A1 /* ForgotAppUITestsLaunchTests.swift */ = {isa = PBXFileReference; lastKnownFileType = sourcecode.swift; path = ForgotAppUITestsLaunchTests.swift; sourceTree = "<group>"; };
		28E5E4D127CAECDB006BF6A1 /* LocalSearchCompleter.swift */ = {isa = PBXFileReference; lastKnownFileType = sourcecode.swift; path = LocalSearchCompleter.swift; sourceTree = "<group>"; };
		28E5E4D327CBE74C006BF6A1 /* LocalSearchClient.swift */ = {isa = PBXFileReference; lastKnownFileType = sourcecode.swift; path = LocalSearchClient.swift; sourceTree = "<group>"; };
		3913DD66605A0E6FDA3B3792 /* Pods-ForgotApp-ForgotAppUITests.release.xcconfig */ = {isa = PBXFileReference; includeInIndex = 1; lastKnownFileType = text.xcconfig; name = "Pods-ForgotApp-ForgotAppUITests.release.xcconfig"; path = "Target Support Files/Pods-ForgotApp-ForgotAppUITests/Pods-ForgotApp-ForgotAppUITests.release.xcconfig"; sourceTree = "<group>"; };
		63588B8273A16052E6751A06 /* Pods-ForgotAppTests.debug.xcconfig */ = {isa = PBXFileReference; includeInIndex = 1; lastKnownFileType = text.xcconfig; name = "Pods-ForgotAppTests.debug.xcconfig"; path = "Target Support Files/Pods-ForgotAppTests/Pods-ForgotAppTests.debug.xcconfig"; sourceTree = "<group>"; };
		689E9D77B4AAC5653ECC353E /* Pods-ForgotApp.release.xcconfig */ = {isa = PBXFileReference; includeInIndex = 1; lastKnownFileType = text.xcconfig; name = "Pods-ForgotApp.release.xcconfig"; path = "Target Support Files/Pods-ForgotApp/Pods-ForgotApp.release.xcconfig"; sourceTree = "<group>"; };
		7CA5AC19CCCB6E14663CF377 /* Pods_ForgotAppTests.framework */ = {isa = PBXFileReference; explicitFileType = wrapper.framework; includeInIndex = 0; path = Pods_ForgotAppTests.framework; sourceTree = BUILT_PRODUCTS_DIR; };
		948B8A2B5E19C91F930FB35C /* Pods-ForgotApp-ForgotAppUITests.debug.xcconfig */ = {isa = PBXFileReference; includeInIndex = 1; lastKnownFileType = text.xcconfig; name = "Pods-ForgotApp-ForgotAppUITests.debug.xcconfig"; path = "Target Support Files/Pods-ForgotApp-ForgotAppUITests/Pods-ForgotApp-ForgotAppUITests.debug.xcconfig"; sourceTree = "<group>"; };
		A1DD0EECDE36A5424A514F21 /* Pods_ForgotApp_ForgotAppUITests.framework */ = {isa = PBXFileReference; explicitFileType = wrapper.framework; includeInIndex = 0; path = Pods_ForgotApp_ForgotAppUITests.framework; sourceTree = BUILT_PRODUCTS_DIR; };
		B763ECE937FFBE89B95BD3A9 /* Pods_ForgotApp.framework */ = {isa = PBXFileReference; explicitFileType = wrapper.framework; includeInIndex = 0; path = Pods_ForgotApp.framework; sourceTree = BUILT_PRODUCTS_DIR; };
		C11209410AE2ED57F73668F0 /* Pods-ForgotApp.debug.xcconfig */ = {isa = PBXFileReference; includeInIndex = 1; lastKnownFileType = text.xcconfig; name = "Pods-ForgotApp.debug.xcconfig"; path = "Target Support Files/Pods-ForgotApp/Pods-ForgotApp.debug.xcconfig"; sourceTree = "<group>"; };
/* End PBXFileReference section */

/* Begin PBXFrameworksBuildPhase section */
		28E5E49D27C70DA3006BF6A1 /* Frameworks */ = {
			isa = PBXFrameworksBuildPhase;
			buildActionMask = 2147483647;
			files = (
				288D115627DE8A82007E382C /* FirebaseDatabase in Frameworks */,
				288D115427DE8A82007E382C /* FirebaseAnalytics in Frameworks */,
				288D115827DE8A82007E382C /* FirebaseDatabaseSwift-Beta in Frameworks */,
				288D115C27DE8A82007E382C /* FirebaseFirestoreSwift-Beta in Frameworks */,
				288D115E27DE8A82007E382C /* FirebaseStorage in Frameworks */,
				288D116027DE8A82007E382C /* FirebaseStorageSwift-Beta in Frameworks */,
				288D115A27DE8A82007E382C /* FirebaseFirestore in Frameworks */,
				28E5E4CF27C714D3006BF6A1 /* ComposableArchitecture in Frameworks */,
				5D06A7CB694BAF978C4261D7 /* Pods_ForgotApp.framework in Frameworks */,
			);
			runOnlyForDeploymentPostprocessing = 0;
		};
		28E5E4AD27C70DA4006BF6A1 /* Frameworks */ = {
			isa = PBXFrameworksBuildPhase;
			buildActionMask = 2147483647;
			files = (
				4F60A25A585EF2A4A919AF83 /* Pods_ForgotAppTests.framework in Frameworks */,
			);
			runOnlyForDeploymentPostprocessing = 0;
		};
		28E5E4B727C70DA4006BF6A1 /* Frameworks */ = {
			isa = PBXFrameworksBuildPhase;
			buildActionMask = 2147483647;
			files = (
				D3AFDFFB3832CC900595096E /* Pods_ForgotApp_ForgotAppUITests.framework in Frameworks */,
			);
			runOnlyForDeploymentPostprocessing = 0;
		};
/* End PBXFrameworksBuildPhase section */

/* Begin PBXGroup section */
		28AD05C627E789DC00880F5C /* Frameworks */ = {
			isa = PBXGroup;
			children = (
				B763ECE937FFBE89B95BD3A9 /* Pods_ForgotApp.framework */,
				A1DD0EECDE36A5424A514F21 /* Pods_ForgotApp_ForgotAppUITests.framework */,
				7CA5AC19CCCB6E14663CF377 /* Pods_ForgotAppTests.framework */,
			);
			name = Frameworks;
			sourceTree = "<group>";
		};
		28D2F25B27EA5830008637B1 /* SQLiteDatasource */ = {
			isa = PBXGroup;
			children = (
				28D2F25C27EA584E008637B1 /* SQLiteDatabase.swift */,
				28D2F25E27EA5990008637B1 /* SQLiteCommands.swift */,
			);
			path = SQLiteDatasource;
			sourceTree = "<group>";
		};
		28E5E49727C70DA3006BF6A1 = {
			isa = PBXGroup;
			children = (
				28E5E4A227C70DA3006BF6A1 /* ForgotApp */,
				28E5E4B327C70DA4006BF6A1 /* ForgotAppTests */,
				28E5E4BD27C70DA4006BF6A1 /* ForgotAppUITests */,
				28E5E4A127C70DA3006BF6A1 /* Products */,
				28AD05C627E789DC00880F5C /* Frameworks */,
				EAC587D94D3CAE6DCA818E4F /* Pods */,
			);
			sourceTree = "<group>";
		};
		28E5E4A127C70DA3006BF6A1 /* Products */ = {
			isa = PBXGroup;
			children = (
				28E5E4A027C70DA3006BF6A1 /* ForgotApp.app */,
				28E5E4B027C70DA4006BF6A1 /* ForgotAppTests.xctest */,
				28E5E4BA27C70DA4006BF6A1 /* ForgotAppUITests.xctest */,
			);
			name = Products;
			sourceTree = "<group>";
		};
		28E5E4A227C70DA3006BF6A1 /* ForgotApp */ = {
			isa = PBXGroup;
			children = (
				28D2F25B27EA5830008637B1 /* SQLiteDatasource */,
				28D2F25727E7AE28008637B1 /* items.sqlite3 */,
				28AD05CA27E78A0700880F5C /* Info.plist */,
				2800031227D2A5EE009C135B /* FlexibleSheet.swift */,
				28E5E4A327C70DA3006BF6A1 /* ForgotAppApp.swift */,
				28E5E4A527C70DA3006BF6A1 /* ContentView.swift */,
				28E5E4D127CAECDB006BF6A1 /* LocalSearchCompleter.swift */,
				28E5E4D327CBE74C006BF6A1 /* LocalSearchClient.swift */,
				2800034C27D712EF009C135B /* ItemsView.swift */,
				283422AC27DE8775008B17A6 /* GoogleService-Info.plist */,
				28E5E4A727C70DA4006BF6A1 /* Assets.xcassets */,
				28E5E4A927C70DA4006BF6A1 /* Preview Content */,
				288D116427DEC24E007E382C /* CardView.swift */,
				288D116627E13C82007E382C /* DefaultsKeys.swift */,
				288D116827E13D42007E382C /* Item.swift */,
				28D2F25927E7B17F008637B1 /* AppDelegate.swift */,
				28D2F26127EA652C008637B1 /* Place.swift */,
			);
			path = ForgotApp;
			sourceTree = "<group>";
		};
		28E5E4A927C70DA4006BF6A1 /* Preview Content */ = {
			isa = PBXGroup;
			children = (
				28E5E4AA27C70DA4006BF6A1 /* Preview Assets.xcassets */,
			);
			path = "Preview Content";
			sourceTree = "<group>";
		};
		28E5E4B327C70DA4006BF6A1 /* ForgotAppTests */ = {
			isa = PBXGroup;
			children = (
				28E5E4B427C70DA4006BF6A1 /* ForgotAppTests.swift */,
			);
			path = ForgotAppTests;
			sourceTree = "<group>";
		};
		28E5E4BD27C70DA4006BF6A1 /* ForgotAppUITests */ = {
			isa = PBXGroup;
			children = (
				28E5E4BE27C70DA4006BF6A1 /* ForgotAppUITests.swift */,
				28E5E4C027C70DA4006BF6A1 /* ForgotAppUITestsLaunchTests.swift */,
			);
			path = ForgotAppUITests;
			sourceTree = "<group>";
		};
		EAC587D94D3CAE6DCA818E4F /* Pods */ = {
			isa = PBXGroup;
			children = (
				C11209410AE2ED57F73668F0 /* Pods-ForgotApp.debug.xcconfig */,
				689E9D77B4AAC5653ECC353E /* Pods-ForgotApp.release.xcconfig */,
				948B8A2B5E19C91F930FB35C /* Pods-ForgotApp-ForgotAppUITests.debug.xcconfig */,
				3913DD66605A0E6FDA3B3792 /* Pods-ForgotApp-ForgotAppUITests.release.xcconfig */,
				63588B8273A16052E6751A06 /* Pods-ForgotAppTests.debug.xcconfig */,
				00B7A0F12DA96B05FEAA8877 /* Pods-ForgotAppTests.release.xcconfig */,
			);
			path = Pods;
			sourceTree = "<group>";
		};
/* End PBXGroup section */

/* Begin PBXNativeTarget section */
		28E5E49F27C70DA3006BF6A1 /* ForgotApp */ = {
			isa = PBXNativeTarget;
			buildConfigurationList = 28E5E4C427C70DA4006BF6A1 /* Build configuration list for PBXNativeTarget "ForgotApp" */;
			buildPhases = (
				050768194EC2B278DE574A58 /* [CP] Check Pods Manifest.lock */,
				28E5E49C27C70DA3006BF6A1 /* Sources */,
				28E5E49D27C70DA3006BF6A1 /* Frameworks */,
				28E5E49E27C70DA3006BF6A1 /* Resources */,
				28AD05C927E789DC00880F5C /* Embed Frameworks */,
				C93F66FCE4416C2797D7628F /* [CP] Embed Pods Frameworks */,
			);
			buildRules = (
			);
			dependencies = (
			);
			name = ForgotApp;
			packageProductDependencies = (
				28E5E4CE27C714D3006BF6A1 /* ComposableArchitecture */,
				288D115327DE8A82007E382C /* FirebaseAnalytics */,
				288D115527DE8A82007E382C /* FirebaseDatabase */,
				288D115727DE8A82007E382C /* FirebaseDatabaseSwift-Beta */,
				288D115927DE8A82007E382C /* FirebaseFirestore */,
				288D115B27DE8A82007E382C /* FirebaseFirestoreSwift-Beta */,
				288D115D27DE8A82007E382C /* FirebaseStorage */,
				288D115F27DE8A82007E382C /* FirebaseStorageSwift-Beta */,
			);
			productName = ForgotApp;
			productReference = 28E5E4A027C70DA3006BF6A1 /* ForgotApp.app */;
			productType = "com.apple.product-type.application";
		};
		28E5E4AF27C70DA4006BF6A1 /* ForgotAppTests */ = {
			isa = PBXNativeTarget;
			buildConfigurationList = 28E5E4C727C70DA4006BF6A1 /* Build configuration list for PBXNativeTarget "ForgotAppTests" */;
			buildPhases = (
				E230ACB0F7BB7967A65AFECE /* [CP] Check Pods Manifest.lock */,
				28E5E4AC27C70DA4006BF6A1 /* Sources */,
				28E5E4AD27C70DA4006BF6A1 /* Frameworks */,
				28E5E4AE27C70DA4006BF6A1 /* Resources */,
			);
			buildRules = (
			);
			dependencies = (
				28E5E4B227C70DA4006BF6A1 /* PBXTargetDependency */,
			);
			name = ForgotAppTests;
			productName = ForgotAppTests;
			productReference = 28E5E4B027C70DA4006BF6A1 /* ForgotAppTests.xctest */;
			productType = "com.apple.product-type.bundle.unit-test";
		};
		28E5E4B927C70DA4006BF6A1 /* ForgotAppUITests */ = {
			isa = PBXNativeTarget;
			buildConfigurationList = 28E5E4CA27C70DA4006BF6A1 /* Build configuration list for PBXNativeTarget "ForgotAppUITests" */;
			buildPhases = (
				41D828D94A7587B7E273B02F /* [CP] Check Pods Manifest.lock */,
				28E5E4B627C70DA4006BF6A1 /* Sources */,
				28E5E4B727C70DA4006BF6A1 /* Frameworks */,
				28E5E4B827C70DA4006BF6A1 /* Resources */,
				99D6BE8400190AAED292D509 /* [CP] Embed Pods Frameworks */,
			);
			buildRules = (
			);
			dependencies = (
				28E5E4BC27C70DA4006BF6A1 /* PBXTargetDependency */,
			);
			name = ForgotAppUITests;
			productName = ForgotAppUITests;
			productReference = 28E5E4BA27C70DA4006BF6A1 /* ForgotAppUITests.xctest */;
			productType = "com.apple.product-type.bundle.ui-testing";
		};
/* End PBXNativeTarget section */

/* Begin PBXProject section */
		28E5E49827C70DA3006BF6A1 /* Project object */ = {
			isa = PBXProject;
			attributes = {
				BuildIndependentTargetsInParallel = 1;
				LastSwiftUpdateCheck = 1320;
				LastUpgradeCheck = 1320;
				TargetAttributes = {
					28E5E49F27C70DA3006BF6A1 = {
						CreatedOnToolsVersion = 13.2.1;
					};
					28E5E4AF27C70DA4006BF6A1 = {
						CreatedOnToolsVersion = 13.2.1;
						TestTargetID = 28E5E49F27C70DA3006BF6A1;
					};
					28E5E4B927C70DA4006BF6A1 = {
						CreatedOnToolsVersion = 13.2.1;
						TestTargetID = 28E5E49F27C70DA3006BF6A1;
					};
				};
			};
			buildConfigurationList = 28E5E49B27C70DA3006BF6A1 /* Build configuration list for PBXProject "ForgotApp" */;
			compatibilityVersion = "Xcode 13.0";
			developmentRegion = en;
			hasScannedForEncodings = 0;
			knownRegions = (
				en,
				Base,
			);
			mainGroup = 28E5E49727C70DA3006BF6A1;
			packageReferences = (
				28E5E4CD27C714D3006BF6A1 /* XCRemoteSwiftPackageReference "swift-composable-architecture" */,
				288D115227DE8A82007E382C /* XCRemoteSwiftPackageReference "firebase-ios-sdk" */,
			);
			productRefGroup = 28E5E4A127C70DA3006BF6A1 /* Products */;
			projectDirPath = "";
			projectRoot = "";
			targets = (
				28E5E49F27C70DA3006BF6A1 /* ForgotApp */,
				28E5E4AF27C70DA4006BF6A1 /* ForgotAppTests */,
				28E5E4B927C70DA4006BF6A1 /* ForgotAppUITests */,
			);
		};
/* End PBXProject section */

/* Begin PBXResourcesBuildPhase section */
		28E5E49E27C70DA3006BF6A1 /* Resources */ = {
			isa = PBXResourcesBuildPhase;
			buildActionMask = 2147483647;
			files = (
				28E5E4AB27C70DA4006BF6A1 /* Preview Assets.xcassets in Resources */,
				28E5E4A827C70DA4006BF6A1 /* Assets.xcassets in Resources */,
				28D2F25827E7AE28008637B1 /* items.sqlite3 in Resources */,
				283422AD27DE8775008B17A6 /* GoogleService-Info.plist in Resources */,
			);
			runOnlyForDeploymentPostprocessing = 0;
		};
		28E5E4AE27C70DA4006BF6A1 /* Resources */ = {
			isa = PBXResourcesBuildPhase;
			buildActionMask = 2147483647;
			files = (
				283422AE27DE8775008B17A6 /* GoogleService-Info.plist in Resources */,
			);
			runOnlyForDeploymentPostprocessing = 0;
		};
		28E5E4B827C70DA4006BF6A1 /* Resources */ = {
			isa = PBXResourcesBuildPhase;
			buildActionMask = 2147483647;
			files = (
				283422AF27DE8775008B17A6 /* GoogleService-Info.plist in Resources */,
			);
			runOnlyForDeploymentPostprocessing = 0;
		};
/* End PBXResourcesBuildPhase section */

/* Begin PBXShellScriptBuildPhase section */
		050768194EC2B278DE574A58 /* [CP] Check Pods Manifest.lock */ = {
			isa = PBXShellScriptBuildPhase;
			buildActionMask = 2147483647;
			files = (
			);
			inputFileListPaths = (
			);
			inputPaths = (
				"${PODS_PODFILE_DIR_PATH}/Podfile.lock",
				"${PODS_ROOT}/Manifest.lock",
			);
			name = "[CP] Check Pods Manifest.lock";
			outputFileListPaths = (
			);
			outputPaths = (
				"$(DERIVED_FILE_DIR)/Pods-ForgotApp-checkManifestLockResult.txt",
			);
			runOnlyForDeploymentPostprocessing = 0;
			shellPath = /bin/sh;
			shellScript = "diff \"${PODS_PODFILE_DIR_PATH}/Podfile.lock\" \"${PODS_ROOT}/Manifest.lock\" > /dev/null\nif [ $? != 0 ] ; then\n    # print error to STDERR\n    echo \"error: The sandbox is not in sync with the Podfile.lock. Run 'pod install' or update your CocoaPods installation.\" >&2\n    exit 1\nfi\n# This output is used by Xcode 'outputs' to avoid re-running this script phase.\necho \"SUCCESS\" > \"${SCRIPT_OUTPUT_FILE_0}\"\n";
			showEnvVarsInLog = 0;
		};
		41D828D94A7587B7E273B02F /* [CP] Check Pods Manifest.lock */ = {
			isa = PBXShellScriptBuildPhase;
			buildActionMask = 2147483647;
			files = (
			);
			inputFileListPaths = (
			);
			inputPaths = (
				"${PODS_PODFILE_DIR_PATH}/Podfile.lock",
				"${PODS_ROOT}/Manifest.lock",
			);
			name = "[CP] Check Pods Manifest.lock";
			outputFileListPaths = (
			);
			outputPaths = (
				"$(DERIVED_FILE_DIR)/Pods-ForgotApp-ForgotAppUITests-checkManifestLockResult.txt",
			);
			runOnlyForDeploymentPostprocessing = 0;
			shellPath = /bin/sh;
			shellScript = "diff \"${PODS_PODFILE_DIR_PATH}/Podfile.lock\" \"${PODS_ROOT}/Manifest.lock\" > /dev/null\nif [ $? != 0 ] ; then\n    # print error to STDERR\n    echo \"error: The sandbox is not in sync with the Podfile.lock. Run 'pod install' or update your CocoaPods installation.\" >&2\n    exit 1\nfi\n# This output is used by Xcode 'outputs' to avoid re-running this script phase.\necho \"SUCCESS\" > \"${SCRIPT_OUTPUT_FILE_0}\"\n";
			showEnvVarsInLog = 0;
		};
		99D6BE8400190AAED292D509 /* [CP] Embed Pods Frameworks */ = {
			isa = PBXShellScriptBuildPhase;
			buildActionMask = 2147483647;
			files = (
			);
			inputFileListPaths = (
				"${PODS_ROOT}/Target Support Files/Pods-ForgotApp-ForgotAppUITests/Pods-ForgotApp-ForgotAppUITests-frameworks-${CONFIGURATION}-input-files.xcfilelist",
			);
			name = "[CP] Embed Pods Frameworks";
			outputFileListPaths = (
				"${PODS_ROOT}/Target Support Files/Pods-ForgotApp-ForgotAppUITests/Pods-ForgotApp-ForgotAppUITests-frameworks-${CONFIGURATION}-output-files.xcfilelist",
			);
			runOnlyForDeploymentPostprocessing = 0;
			shellPath = /bin/sh;
			shellScript = "\"${PODS_ROOT}/Target Support Files/Pods-ForgotApp-ForgotAppUITests/Pods-ForgotApp-ForgotAppUITests-frameworks.sh\"\n";
			showEnvVarsInLog = 0;
		};
		C93F66FCE4416C2797D7628F /* [CP] Embed Pods Frameworks */ = {
			isa = PBXShellScriptBuildPhase;
			buildActionMask = 2147483647;
			files = (
			);
			inputFileListPaths = (
				"${PODS_ROOT}/Target Support Files/Pods-ForgotApp/Pods-ForgotApp-frameworks-${CONFIGURATION}-input-files.xcfilelist",
			);
			name = "[CP] Embed Pods Frameworks";
			outputFileListPaths = (
				"${PODS_ROOT}/Target Support Files/Pods-ForgotApp/Pods-ForgotApp-frameworks-${CONFIGURATION}-output-files.xcfilelist",
			);
			runOnlyForDeploymentPostprocessing = 0;
			shellPath = /bin/sh;
			shellScript = "\"${PODS_ROOT}/Target Support Files/Pods-ForgotApp/Pods-ForgotApp-frameworks.sh\"\n";
			showEnvVarsInLog = 0;
		};
		E230ACB0F7BB7967A65AFECE /* [CP] Check Pods Manifest.lock */ = {
			isa = PBXShellScriptBuildPhase;
			buildActionMask = 2147483647;
			files = (
			);
			inputFileListPaths = (
			);
			inputPaths = (
				"${PODS_PODFILE_DIR_PATH}/Podfile.lock",
				"${PODS_ROOT}/Manifest.lock",
			);
			name = "[CP] Check Pods Manifest.lock";
			outputFileListPaths = (
			);
			outputPaths = (
				"$(DERIVED_FILE_DIR)/Pods-ForgotAppTests-checkManifestLockResult.txt",
			);
			runOnlyForDeploymentPostprocessing = 0;
			shellPath = /bin/sh;
			shellScript = "diff \"${PODS_PODFILE_DIR_PATH}/Podfile.lock\" \"${PODS_ROOT}/Manifest.lock\" > /dev/null\nif [ $? != 0 ] ; then\n    # print error to STDERR\n    echo \"error: The sandbox is not in sync with the Podfile.lock. Run 'pod install' or update your CocoaPods installation.\" >&2\n    exit 1\nfi\n# This output is used by Xcode 'outputs' to avoid re-running this script phase.\necho \"SUCCESS\" > \"${SCRIPT_OUTPUT_FILE_0}\"\n";
			showEnvVarsInLog = 0;
		};
/* End PBXShellScriptBuildPhase section */

/* Begin PBXSourcesBuildPhase section */
		28E5E49C27C70DA3006BF6A1 /* Sources */ = {
			isa = PBXSourcesBuildPhase;
			buildActionMask = 2147483647;
			files = (
				28E5E4A627C70DA3006BF6A1 /* ContentView.swift in Sources */,
				288D116927E13D42007E382C /* Item.swift in Sources */,
				288D116727E13C82007E382C /* DefaultsKeys.swift in Sources */,
				28D2F26227EA652C008637B1 /* Place.swift in Sources */,
				28D2F25F27EA5990008637B1 /* SQLiteCommands.swift in Sources */,
				2800034D27D712EF009C135B /* ItemsView.swift in Sources */,
				28E5E4D227CAECDB006BF6A1 /* LocalSearchCompleter.swift in Sources */,
				2800031327D2A5EE009C135B /* FlexibleSheet.swift in Sources */,
				28E5E4D427CBE74C006BF6A1 /* LocalSearchClient.swift in Sources */,
				288D116527DEC24E007E382C /* CardView.swift in Sources */,
				28D2F25D27EA584E008637B1 /* SQLiteDatabase.swift in Sources */,
				28D2F25A27E7B17F008637B1 /* AppDelegate.swift in Sources */,
				28E5E4A427C70DA3006BF6A1 /* ForgotAppApp.swift in Sources */,
			);
			runOnlyForDeploymentPostprocessing = 0;
		};
		28E5E4AC27C70DA4006BF6A1 /* Sources */ = {
			isa = PBXSourcesBuildPhase;
			buildActionMask = 2147483647;
			files = (
				28E5E4B527C70DA4006BF6A1 /* ForgotAppTests.swift in Sources */,
			);
			runOnlyForDeploymentPostprocessing = 0;
		};
		28E5E4B627C70DA4006BF6A1 /* Sources */ = {
			isa = PBXSourcesBuildPhase;
			buildActionMask = 2147483647;
			files = (
				28E5E4BF27C70DA4006BF6A1 /* ForgotAppUITests.swift in Sources */,
				28E5E4C127C70DA4006BF6A1 /* ForgotAppUITestsLaunchTests.swift in Sources */,
			);
			runOnlyForDeploymentPostprocessing = 0;
		};
/* End PBXSourcesBuildPhase section */

/* Begin PBXTargetDependency section */
		28E5E4B227C70DA4006BF6A1 /* PBXTargetDependency */ = {
			isa = PBXTargetDependency;
			target = 28E5E49F27C70DA3006BF6A1 /* ForgotApp */;
			targetProxy = 28E5E4B127C70DA4006BF6A1 /* PBXContainerItemProxy */;
		};
		28E5E4BC27C70DA4006BF6A1 /* PBXTargetDependency */ = {
			isa = PBXTargetDependency;
			target = 28E5E49F27C70DA3006BF6A1 /* ForgotApp */;
			targetProxy = 28E5E4BB27C70DA4006BF6A1 /* PBXContainerItemProxy */;
		};
/* End PBXTargetDependency section */

/* Begin XCBuildConfiguration section */
		28E5E4C227C70DA4006BF6A1 /* Debug */ = {
			isa = XCBuildConfiguration;
			buildSettings = {
				ALWAYS_SEARCH_USER_PATHS = NO;
				CLANG_ANALYZER_NONNULL = YES;
				CLANG_ANALYZER_NUMBER_OBJECT_CONVERSION = YES_AGGRESSIVE;
				CLANG_CXX_LANGUAGE_STANDARD = "gnu++17";
				CLANG_CXX_LIBRARY = "libc++";
				CLANG_ENABLE_MODULES = YES;
				CLANG_ENABLE_OBJC_ARC = YES;
				CLANG_ENABLE_OBJC_WEAK = YES;
				CLANG_WARN_BLOCK_CAPTURE_AUTORELEASING = YES;
				CLANG_WARN_BOOL_CONVERSION = YES;
				CLANG_WARN_COMMA = YES;
				CLANG_WARN_CONSTANT_CONVERSION = YES;
				CLANG_WARN_DEPRECATED_OBJC_IMPLEMENTATIONS = YES;
				CLANG_WARN_DIRECT_OBJC_ISA_USAGE = YES_ERROR;
				CLANG_WARN_DOCUMENTATION_COMMENTS = YES;
				CLANG_WARN_EMPTY_BODY = YES;
				CLANG_WARN_ENUM_CONVERSION = YES;
				CLANG_WARN_INFINITE_RECURSION = YES;
				CLANG_WARN_INT_CONVERSION = YES;
				CLANG_WARN_NON_LITERAL_NULL_CONVERSION = YES;
				CLANG_WARN_OBJC_IMPLICIT_RETAIN_SELF = YES;
				CLANG_WARN_OBJC_LITERAL_CONVERSION = YES;
				CLANG_WARN_OBJC_ROOT_CLASS = YES_ERROR;
				CLANG_WARN_QUOTED_INCLUDE_IN_FRAMEWORK_HEADER = YES;
				CLANG_WARN_RANGE_LOOP_ANALYSIS = YES;
				CLANG_WARN_STRICT_PROTOTYPES = YES;
				CLANG_WARN_SUSPICIOUS_MOVE = YES;
				CLANG_WARN_UNGUARDED_AVAILABILITY = YES_AGGRESSIVE;
				CLANG_WARN_UNREACHABLE_CODE = YES;
				CLANG_WARN__DUPLICATE_METHOD_MATCH = YES;
				COPY_PHASE_STRIP = NO;
				DEBUG_INFORMATION_FORMAT = dwarf;
				ENABLE_STRICT_OBJC_MSGSEND = YES;
				ENABLE_TESTABILITY = YES;
				GCC_C_LANGUAGE_STANDARD = gnu11;
				GCC_DYNAMIC_NO_PIC = NO;
				GCC_NO_COMMON_BLOCKS = YES;
				GCC_OPTIMIZATION_LEVEL = 0;
				GCC_PREPROCESSOR_DEFINITIONS = (
					"DEBUG=1",
					"$(inherited)",
				);
				GCC_WARN_64_TO_32_BIT_CONVERSION = YES;
				GCC_WARN_ABOUT_RETURN_TYPE = YES_ERROR;
				GCC_WARN_UNDECLARED_SELECTOR = YES;
				GCC_WARN_UNINITIALIZED_AUTOS = YES_AGGRESSIVE;
				GCC_WARN_UNUSED_FUNCTION = YES;
				GCC_WARN_UNUSED_VARIABLE = YES;
				IPHONEOS_DEPLOYMENT_TARGET = 15.0;
				MTL_ENABLE_DEBUG_INFO = INCLUDE_SOURCE;
				MTL_FAST_MATH = YES;
				ONLY_ACTIVE_ARCH = YES;
				SDKROOT = iphoneos;
				SWIFT_ACTIVE_COMPILATION_CONDITIONS = DEBUG;
				SWIFT_OPTIMIZATION_LEVEL = "-Onone";
			};
			name = Debug;
		};
		28E5E4C327C70DA4006BF6A1 /* Release */ = {
			isa = XCBuildConfiguration;
			buildSettings = {
				ALWAYS_SEARCH_USER_PATHS = NO;
				CLANG_ANALYZER_NONNULL = YES;
				CLANG_ANALYZER_NUMBER_OBJECT_CONVERSION = YES_AGGRESSIVE;
				CLANG_CXX_LANGUAGE_STANDARD = "gnu++17";
				CLANG_CXX_LIBRARY = "libc++";
				CLANG_ENABLE_MODULES = YES;
				CLANG_ENABLE_OBJC_ARC = YES;
				CLANG_ENABLE_OBJC_WEAK = YES;
				CLANG_WARN_BLOCK_CAPTURE_AUTORELEASING = YES;
				CLANG_WARN_BOOL_CONVERSION = YES;
				CLANG_WARN_COMMA = YES;
				CLANG_WARN_CONSTANT_CONVERSION = YES;
				CLANG_WARN_DEPRECATED_OBJC_IMPLEMENTATIONS = YES;
				CLANG_WARN_DIRECT_OBJC_ISA_USAGE = YES_ERROR;
				CLANG_WARN_DOCUMENTATION_COMMENTS = YES;
				CLANG_WARN_EMPTY_BODY = YES;
				CLANG_WARN_ENUM_CONVERSION = YES;
				CLANG_WARN_INFINITE_RECURSION = YES;
				CLANG_WARN_INT_CONVERSION = YES;
				CLANG_WARN_NON_LITERAL_NULL_CONVERSION = YES;
				CLANG_WARN_OBJC_IMPLICIT_RETAIN_SELF = YES;
				CLANG_WARN_OBJC_LITERAL_CONVERSION = YES;
				CLANG_WARN_OBJC_ROOT_CLASS = YES_ERROR;
				CLANG_WARN_QUOTED_INCLUDE_IN_FRAMEWORK_HEADER = YES;
				CLANG_WARN_RANGE_LOOP_ANALYSIS = YES;
				CLANG_WARN_STRICT_PROTOTYPES = YES;
				CLANG_WARN_SUSPICIOUS_MOVE = YES;
				CLANG_WARN_UNGUARDED_AVAILABILITY = YES_AGGRESSIVE;
				CLANG_WARN_UNREACHABLE_CODE = YES;
				CLANG_WARN__DUPLICATE_METHOD_MATCH = YES;
				COPY_PHASE_STRIP = NO;
				DEBUG_INFORMATION_FORMAT = "dwarf-with-dsym";
				ENABLE_NS_ASSERTIONS = NO;
				ENABLE_STRICT_OBJC_MSGSEND = YES;
				GCC_C_LANGUAGE_STANDARD = gnu11;
				GCC_NO_COMMON_BLOCKS = YES;
				GCC_WARN_64_TO_32_BIT_CONVERSION = YES;
				GCC_WARN_ABOUT_RETURN_TYPE = YES_ERROR;
				GCC_WARN_UNDECLARED_SELECTOR = YES;
				GCC_WARN_UNINITIALIZED_AUTOS = YES_AGGRESSIVE;
				GCC_WARN_UNUSED_FUNCTION = YES;
				GCC_WARN_UNUSED_VARIABLE = YES;
				IPHONEOS_DEPLOYMENT_TARGET = 15.0;
				MTL_ENABLE_DEBUG_INFO = NO;
				MTL_FAST_MATH = YES;
				SDKROOT = iphoneos;
				SWIFT_COMPILATION_MODE = wholemodule;
				SWIFT_OPTIMIZATION_LEVEL = "-O";
				VALIDATE_PRODUCT = YES;
			};
			name = Release;
		};
		28E5E4C527C70DA4006BF6A1 /* Debug */ = {
			isa = XCBuildConfiguration;
			baseConfigurationReference = C11209410AE2ED57F73668F0 /* Pods-ForgotApp.debug.xcconfig */;
			buildSettings = {
				ASSETCATALOG_COMPILER_APPICON_NAME = AppIcon;
				ASSETCATALOG_COMPILER_GLOBAL_ACCENT_COLOR_NAME = AccentColor;
				CODE_SIGN_IDENTITY = "Apple Development";
				CODE_SIGN_STYLE = Automatic;
				CURRENT_PROJECT_VERSION = 1;
				DEVELOPMENT_ASSET_PATHS = "\"ForgotApp/Preview Content\"";
				DEVELOPMENT_TEAM = F24GRW8F7U;
				ENABLE_PREVIEWS = YES;
				GENERATE_INFOPLIST_FILE = YES;
				INFOPLIST_FILE = ForgotApp/Info.plist;
				INFOPLIST_KEY_UIApplicationSceneManifest_Generation = YES;
				INFOPLIST_KEY_UIApplicationSupportsIndirectInputEvents = YES;
				INFOPLIST_KEY_UILaunchScreen_Generation = YES;
				INFOPLIST_KEY_UISupportedInterfaceOrientations_iPad = "UIInterfaceOrientationPortrait UIInterfaceOrientationPortraitUpsideDown UIInterfaceOrientationLandscapeLeft UIInterfaceOrientationLandscapeRight";
				INFOPLIST_KEY_UISupportedInterfaceOrientations_iPhone = "UIInterfaceOrientationPortrait UIInterfaceOrientationLandscapeLeft UIInterfaceOrientationLandscapeRight";
				LD_RUNPATH_SEARCH_PATHS = (
					"$(inherited)",
					"@executable_path/Frameworks",
				);
				MARKETING_VERSION = 1.0;
				PRODUCT_BUNDLE_IDENTIFIER = com.eshaankunchur.ForgotApp;
				PRODUCT_NAME = "$(TARGET_NAME)";
				PROVISIONING_PROFILE_SPECIFIER = "";
				SWIFT_EMIT_LOC_STRINGS = YES;
				SWIFT_VERSION = 5.0;
				TARGETED_DEVICE_FAMILY = "1,2";
			};
			name = Debug;
		};
		28E5E4C627C70DA4006BF6A1 /* Release */ = {
			isa = XCBuildConfiguration;
			baseConfigurationReference = 689E9D77B4AAC5653ECC353E /* Pods-ForgotApp.release.xcconfig */;
			buildSettings = {
				ASSETCATALOG_COMPILER_APPICON_NAME = AppIcon;
				ASSETCATALOG_COMPILER_GLOBAL_ACCENT_COLOR_NAME = AccentColor;
				CODE_SIGN_IDENTITY = "Apple Development";
				CODE_SIGN_STYLE = Automatic;
				CURRENT_PROJECT_VERSION = 1;
				DEVELOPMENT_ASSET_PATHS = "\"ForgotApp/Preview Content\"";
				DEVELOPMENT_TEAM = F24GRW8F7U;
				ENABLE_PREVIEWS = YES;
				GENERATE_INFOPLIST_FILE = YES;
				INFOPLIST_FILE = ForgotApp/Info.plist;
				INFOPLIST_KEY_UIApplicationSceneManifest_Generation = YES;
				INFOPLIST_KEY_UIApplicationSupportsIndirectInputEvents = YES;
				INFOPLIST_KEY_UILaunchScreen_Generation = YES;
				INFOPLIST_KEY_UISupportedInterfaceOrientations_iPad = "UIInterfaceOrientationPortrait UIInterfaceOrientationPortraitUpsideDown UIInterfaceOrientationLandscapeLeft UIInterfaceOrientationLandscapeRight";
				INFOPLIST_KEY_UISupportedInterfaceOrientations_iPhone = "UIInterfaceOrientationPortrait UIInterfaceOrientationLandscapeLeft UIInterfaceOrientationLandscapeRight";
				LD_RUNPATH_SEARCH_PATHS = (
					"$(inherited)",
					"@executable_path/Frameworks",
				);
				MARKETING_VERSION = 1.0;
				PRODUCT_BUNDLE_IDENTIFIER = com.eshaankunchur.ForgotApp;
				PRODUCT_NAME = "$(TARGET_NAME)";
				PROVISIONING_PROFILE_SPECIFIER = "";
				SWIFT_EMIT_LOC_STRINGS = YES;
				SWIFT_VERSION = 5.0;
				TARGETED_DEVICE_FAMILY = "1,2";
			};
			name = Release;
		};
		28E5E4C827C70DA4006BF6A1 /* Debug */ = {
			isa = XCBuildConfiguration;
			baseConfigurationReference = 63588B8273A16052E6751A06 /* Pods-ForgotAppTests.debug.xcconfig */;
			buildSettings = {
				ALWAYS_EMBED_SWIFT_STANDARD_LIBRARIES = YES;
				BUNDLE_LOADER = "$(TEST_HOST)";
				CODE_SIGN_STYLE = Automatic;
				CURRENT_PROJECT_VERSION = 1;
				GENERATE_INFOPLIST_FILE = YES;
				IPHONEOS_DEPLOYMENT_TARGET = 15.2;
				MARKETING_VERSION = 1.0;
				PRODUCT_BUNDLE_IDENTIFIER = com.eshaankunchur.ForgotAppTests;
				PRODUCT_NAME = "$(TARGET_NAME)";
				SWIFT_EMIT_LOC_STRINGS = NO;
				SWIFT_VERSION = 5.0;
				TARGETED_DEVICE_FAMILY = "1,2";
				TEST_HOST = "$(BUILT_PRODUCTS_DIR)/ForgotApp.app/ForgotApp";
			};
			name = Debug;
		};
		28E5E4C927C70DA4006BF6A1 /* Release */ = {
			isa = XCBuildConfiguration;
			baseConfigurationReference = 00B7A0F12DA96B05FEAA8877 /* Pods-ForgotAppTests.release.xcconfig */;
			buildSettings = {
				ALWAYS_EMBED_SWIFT_STANDARD_LIBRARIES = YES;
				BUNDLE_LOADER = "$(TEST_HOST)";
				CODE_SIGN_STYLE = Automatic;
				CURRENT_PROJECT_VERSION = 1;
				GENERATE_INFOPLIST_FILE = YES;
				IPHONEOS_DEPLOYMENT_TARGET = 15.2;
				MARKETING_VERSION = 1.0;
				PRODUCT_BUNDLE_IDENTIFIER = com.eshaankunchur.ForgotAppTests;
				PRODUCT_NAME = "$(TARGET_NAME)";
				SWIFT_EMIT_LOC_STRINGS = NO;
				SWIFT_VERSION = 5.0;
				TARGETED_DEVICE_FAMILY = "1,2";
				TEST_HOST = "$(BUILT_PRODUCTS_DIR)/ForgotApp.app/ForgotApp";
			};
			name = Release;
		};
		28E5E4CB27C70DA4006BF6A1 /* Debug */ = {
			isa = XCBuildConfiguration;
			baseConfigurationReference = 948B8A2B5E19C91F930FB35C /* Pods-ForgotApp-ForgotAppUITests.debug.xcconfig */;
			buildSettings = {
				ALWAYS_EMBED_SWIFT_STANDARD_LIBRARIES = YES;
				CODE_SIGN_STYLE = Automatic;
				CURRENT_PROJECT_VERSION = 1;
				GENERATE_INFOPLIST_FILE = YES;
				MARKETING_VERSION = 1.0;
				PRODUCT_BUNDLE_IDENTIFIER = com.eshaankunchur.ForgotAppUITests;
				PRODUCT_NAME = "$(TARGET_NAME)";
				SWIFT_EMIT_LOC_STRINGS = NO;
				SWIFT_VERSION = 5.0;
				TARGETED_DEVICE_FAMILY = "1,2";
				TEST_TARGET_NAME = ForgotApp;
			};
			name = Debug;
		};
		28E5E4CC27C70DA4006BF6A1 /* Release */ = {
			isa = XCBuildConfiguration;
			baseConfigurationReference = 3913DD66605A0E6FDA3B3792 /* Pods-ForgotApp-ForgotAppUITests.release.xcconfig */;
			buildSettings = {
				ALWAYS_EMBED_SWIFT_STANDARD_LIBRARIES = YES;
				CODE_SIGN_STYLE = Automatic;
				CURRENT_PROJECT_VERSION = 1;
				GENERATE_INFOPLIST_FILE = YES;
				MARKETING_VERSION = 1.0;
				PRODUCT_BUNDLE_IDENTIFIER = com.eshaankunchur.ForgotAppUITests;
				PRODUCT_NAME = "$(TARGET_NAME)";
				SWIFT_EMIT_LOC_STRINGS = NO;
				SWIFT_VERSION = 5.0;
				TARGETED_DEVICE_FAMILY = "1,2";
				TEST_TARGET_NAME = ForgotApp;
			};
			name = Release;
		};
/* End XCBuildConfiguration section */

/* Begin XCConfigurationList section */
		28E5E49B27C70DA3006BF6A1 /* Build configuration list for PBXProject "ForgotApp" */ = {
			isa = XCConfigurationList;
			buildConfigurations = (
				28E5E4C227C70DA4006BF6A1 /* Debug */,
				28E5E4C327C70DA4006BF6A1 /* Release */,
			);
			defaultConfigurationIsVisible = 0;
			defaultConfigurationName = Release;
		};
		28E5E4C427C70DA4006BF6A1 /* Build configuration list for PBXNativeTarget "ForgotApp" */ = {
			isa = XCConfigurationList;
			buildConfigurations = (
				28E5E4C527C70DA4006BF6A1 /* Debug */,
				28E5E4C627C70DA4006BF6A1 /* Release */,
			);
			defaultConfigurationIsVisible = 0;
			defaultConfigurationName = Release;
		};
		28E5E4C727C70DA4006BF6A1 /* Build configuration list for PBXNativeTarget "ForgotAppTests" */ = {
			isa = XCConfigurationList;
			buildConfigurations = (
				28E5E4C827C70DA4006BF6A1 /* Debug */,
				28E5E4C927C70DA4006BF6A1 /* Release */,
			);
			defaultConfigurationIsVisible = 0;
			defaultConfigurationName = Release;
		};
		28E5E4CA27C70DA4006BF6A1 /* Build configuration list for PBXNativeTarget "ForgotAppUITests" */ = {
			isa = XCConfigurationList;
			buildConfigurations = (
				28E5E4CB27C70DA4006BF6A1 /* Debug */,
				28E5E4CC27C70DA4006BF6A1 /* Release */,
			);
			defaultConfigurationIsVisible = 0;
			defaultConfigurationName = Release;
		};
/* End XCConfigurationList section */

/* Begin XCRemoteSwiftPackageReference section */
		288D115227DE8A82007E382C /* XCRemoteSwiftPackageReference "firebase-ios-sdk" */ = {
			isa = XCRemoteSwiftPackageReference;
			repositoryURL = "https://github.com/firebase/firebase-ios-sdk";
			requirement = {
				kind = upToNextMajorVersion;
				minimumVersion = 8.0.0;
			};
		};
		28E5E4CD27C714D3006BF6A1 /* XCRemoteSwiftPackageReference "swift-composable-architecture" */ = {
			isa = XCRemoteSwiftPackageReference;
			repositoryURL = "https://github.com/pointfreeco/swift-composable-architecture.git";
			requirement = {
				kind = upToNextMajorVersion;
				minimumVersion = 0.33.1;
			};
		};
/* End XCRemoteSwiftPackageReference section */

/* Begin XCSwiftPackageProductDependency section */
		288D115327DE8A82007E382C /* FirebaseAnalytics */ = {
			isa = XCSwiftPackageProductDependency;
			package = 288D115227DE8A82007E382C /* XCRemoteSwiftPackageReference "firebase-ios-sdk" */;
			productName = FirebaseAnalytics;
		};
		288D115527DE8A82007E382C /* FirebaseDatabase */ = {
			isa = XCSwiftPackageProductDependency;
			package = 288D115227DE8A82007E382C /* XCRemoteSwiftPackageReference "firebase-ios-sdk" */;
			productName = FirebaseDatabase;
		};
		288D115727DE8A82007E382C /* FirebaseDatabaseSwift-Beta */ = {
			isa = XCSwiftPackageProductDependency;
			package = 288D115227DE8A82007E382C /* XCRemoteSwiftPackageReference "firebase-ios-sdk" */;
			productName = "FirebaseDatabaseSwift-Beta";
		};
		288D115927DE8A82007E382C /* FirebaseFirestore */ = {
			isa = XCSwiftPackageProductDependency;
			package = 288D115227DE8A82007E382C /* XCRemoteSwiftPackageReference "firebase-ios-sdk" */;
			productName = FirebaseFirestore;
		};
		288D115B27DE8A82007E382C /* FirebaseFirestoreSwift-Beta */ = {
			isa = XCSwiftPackageProductDependency;
			package = 288D115227DE8A82007E382C /* XCRemoteSwiftPackageReference "firebase-ios-sdk" */;
			productName = "FirebaseFirestoreSwift-Beta";
		};
		288D115D27DE8A82007E382C /* FirebaseStorage */ = {
			isa = XCSwiftPackageProductDependency;
			package = 288D115227DE8A82007E382C /* XCRemoteSwiftPackageReference "firebase-ios-sdk" */;
			productName = FirebaseStorage;
		};
		288D115F27DE8A82007E382C /* FirebaseStorageSwift-Beta */ = {
			isa = XCSwiftPackageProductDependency;
			package = 288D115227DE8A82007E382C /* XCRemoteSwiftPackageReference "firebase-ios-sdk" */;
			productName = "FirebaseStorageSwift-Beta";
		};
		28E5E4CE27C714D3006BF6A1 /* ComposableArchitecture */ = {
			isa = XCSwiftPackageProductDependency;
			package = 28E5E4CD27C714D3006BF6A1 /* XCRemoteSwiftPackageReference "swift-composable-architecture" */;
			productName = ComposableArchitecture;
		};
/* End XCSwiftPackageProductDependency section */
	};
	rootObject = 28E5E49827C70DA3006BF6A1 /* Project object */;
}
